<?xml version="1.0" encoding="utf-8"?>
<Project ToolsVersion="4.0" xmlns="http://schemas.microsoft.com/developer/msbuild/2003">
  <ItemGroup>
    <Filter Include="Source Files">
      <UniqueIdentifier>{4FC737F1-C7A5-4376-A066-2A32D752A2FF}</UniqueIdentifier>
      <Extensions>cpp;c;cc;cxx;def;odl;idl;hpj;bat;asm;asmx</Extensions>
    </Filter>
    <Filter Include="Header Files">
      <UniqueIdentifier>{93995380-89BD-4b04-88EB-625FBE52EBFB}</UniqueIdentifier>
      <Extensions>h;hh;hpp;hxx;hm;inl;inc;xsd</Extensions>
    </Filter>
    <Filter Include="Resource Files">
      <UniqueIdentifier>{67DA6AB6-F800-4c08-8B7A-83BB121AAD01}</UniqueIdentifier>
      <Extensions>rc;ico;cur;bmp;dlg;rc2;rct;bin;rgs;gif;jpg;jpeg;jpe;resx;tiff;tif;png;wav;mfcribbon-ms</Extensions>
    </Filter>
    <Filter Include="Source Files\Watcher">
      <UniqueIdentifier>{0d7660b5-ff45-4c12-8e62-a84e72b2f1f4}</UniqueIdentifier>
    </Filter>
    <Filter Include="Header Files\Watcher">
      <UniqueIdentifier>{61425578-2e23-41d1-b01c-393d940bf0e4}</UniqueIdentifier>
    </Filter>
    <Filter Include="Header Files\Utils">
      <UniqueIdentifier>{03be6840-242e-4f2e-b458-06386d874f73}</UniqueIdentifier>
    </Filter>
  </ItemGroup>
  <ItemGroup>
    <Text Include="ReadMe.txt" />
  </ItemGroup>
  <ItemGroup>
    <ClInclude Include="cache.h">
      <Filter>Header Files</Filter>
    </ClInclude>
    <ClInclude Include="Watcher\ReadDirectoryChanges.h">
      <Filter>Header Files</Filter>
    </ClInclude>
    <ClInclude Include="DirWatcher.h">
      <Filter>Header Files</Filter>
    </ClInclude>
    <ClInclude Include="GitStatus.h">
      <Filter>Header Files</Filter>
    </ClInclude>
    <ClInclude Include="Watcher\ReadDirectoryChangesPrivate.h">
      <Filter>Header Files\Watcher</Filter>
    </ClInclude>
    <ClInclude Include="Watcher\ThreadSafeQueue.h">
      <Filter>Header Files\Watcher</Filter>
    </ClInclude>
    <ClInclude Include="Resource.h">
      <Filter>Header Files\Watcher</Filter>
    </ClInclude>
    <ClInclude Include="stdafx.h">
      <Filter>Header Files</Filter>
    </ClInclude>
    <ClInclude Include="targetver.h">
      <Filter>Header Files</Filter>
    </ClInclude>
    <ClInclude Include="CacheService.h">
      <Filter>Header Files</Filter>
    </ClInclude>
    <ClInclude Include="Utils\SmartHandle.h">
      <Filter>Header Files\Utils</Filter>
    </ClInclude>
    <ClInclude Include="DebugLogger.h">
      <Filter>Header Files</Filter>
    </ClInclude>
    <ClInclude Include="Message.h">
      <Filter>Header Files</Filter>
    </ClInclude>
    <ClInclude Include="DirectoryMonitor.h">
      <Filter>Header Files</Filter>
    </ClInclude>
  </ItemGroup>
  <ItemGroup>
    <ClCompile Include="stdafx.cpp">
      <Filter>Source Files</Filter>
    </ClCompile>
    <ClCompile Include="cache.cpp">
      <Filter>Source Files</Filter>
    </ClCompile>
    <ClCompile Include="Watcher\ReadDirectoryChanges.cpp">
      <Filter>Source Files\Watcher</Filter>
    </ClCompile>
    <ClCompile Include="Watcher\ReadDirectoryChangesPrivate.cpp">
      <Filter>Source Files\Watcher</Filter>
    </ClCompile>
    <ClCompile Include="DirWatcher.cpp">
      <Filter>Source Files</Filter>
    </ClCompile>
    <ClCompile Include="GitStatus.cpp">
      <Filter>Source Files</Filter>
    </ClCompile>
    <ClCompile Include="CacheService.cpp">
      <Filter>Source Files</Filter>
    </ClCompile>
    <ClCompile Include="DebugLogger.cpp">
      <Filter>Source Files</Filter>
    </ClCompile>
    <ClCompile Include="DirectoryMonitor.cpp">
      <Filter>Source Files</Filter>
    </ClCompile>
  </ItemGroup>
  <ItemGroup>
    <ResourceCompile Include="cache.rc">
      <Filter>Resource Files</Filter>
    </ResourceCompile>
  </ItemGroup>
  <ItemGroup>
    <Image Include="small.ico">
      <Filter>Resource Files</Filter>
    </Image>
    <Image Include="cache.ico">
      <Filter>Resource Files</Filter>
    </Image>
  </ItemGroup>
</Project>